<Solution>
  <Folder Name="/Task0/">
    <Project Path="Tyuiu.SviridkinGV.Sprint0.Task0.V0/Tyuiu.SviridkinGV.Sprint0.Task0.V0.csproj" />
  </Folder>
  <Folder Name="/Task1/">
    <Project Path="ConsoleApp1/Tyuiu.SviridkinGV.Sprint0.Task1.V0.csproj" Id="bc70242f-6956-4d87-8bed-2f02c232fabe" />
  </Folder>
</Solution>
